
Microsoft Visual Studio Solution File, Format Version 12.00
Project("{FAE04EC0-301F-11D3-BF4B-00C04F79EFBC}") = "ConsoleLoader", "ConsoleLoader\ConsoleLoader.csproj", "{479AD5EB-EB46-4AAD-8794-992B82E22750}"
EndProject
Project("{FAE04EC0-301F-11D3-BF4B-00C04F79EFBC}") = "CalculatorLib", "..\CalculatorLib\CalculatorLib\CalculatorLib.csproj", "{BEA4D408-E920-4575-9D37-D1EE0B765D72}"
EndProject
Global
	GlobalSection(SolutionConfigurationPlatforms) = preSolution
		Debug|Any CPU = Debug|Any CPU
		Release|Any CPU = Release|Any CPU
	EndGlobalSection
	GlobalSection(ProjectConfigurationPlatforms) = postSolution
		{479AD5EB-EB46-4AAD-8794-992B82E22750}.Debug|Any CPU.ActiveCfg = Debug|Any CPU
		{479AD5EB-EB46-4AAD-8794-992B82E22750}.Debug|Any CPU.Build.0 = Debug|Any CPU
		{479AD5EB-EB46-4AAD-8794-992B82E22750}.Release|Any CPU.ActiveCfg = Release|Any CPU
		{479AD5EB-EB46-4AAD-8794-992B82E22750}.Release|Any CPU.Build.0 = Release|Any CPU
		{BEA4D408-E920-4575-9D37-D1EE0B765D72}.Debug|Any CPU.ActiveCfg = Debug|Any CPU
		{BEA4D408-E920-4575-9D37-D1EE0B765D72}.Debug|Any CPU.Build.0 = Debug|Any CPU
		{BEA4D408-E920-4575-9D37-D1EE0B765D72}.Release|Any CPU.ActiveCfg = Release|Any CPU
		{BEA4D408-E920-4575-9D37-D1EE0B765D72}.Release|Any CPU.Build.0 = Release|Any CPU
	EndGlobalSection
EndGlobal
